
Microsoft Visual Studio Solution File, Format Version 12.00
# Visual Studio Version 17
VisualStudioVersion = 17.9.34902.65
MinimumVisualStudioVersion = 10.0.40219.1
Project("{888888A0-9F3D-457C-B088-3A5042F75D52}") = "CryptoSite", "CryptoSite\CryptoSite.pyproj", "{8B5BB5FA-BC54-4BCC-91C5-FD033796A44B}"
EndProject
Global
	GlobalSection(SolutionConfigurationPlatforms) = preSolution
		Debug|Any CPU = Debug|Any CPU
		Release|Any CPU = Release|Any CPU
	EndGlobalSection
	GlobalSection(ProjectConfigurationPlatforms) = postSolution
		{8B5BB5FA-BC54-4BCC-91C5-FD033796A44B}.Debug|Any CPU.ActiveCfg = Debug|Any CPU
		{8B5BB5FA-BC54-4BCC-91C5-FD033796A44B}.Debug|Any CPU.Build.0 = Debug|Any CPU
		{8B5BB5FA-BC54-4BCC-91C5-FD033796A44B}.Release|Any CPU.ActiveCfg = Release|Any CPU
		{8B5BB5FA-BC54-4BCC-91C5-FD033796A44B}.Release|Any CPU.Build.0 = Release|Any CPU
	EndGlobalSection
	GlobalSection(SolutionProperties) = preSolution
		HideSolutionNode = FALSE
	EndGlobalSection
	GlobalSection(ExtensibilityGlobals) = postSolution
		SolutionGuid = {176184AF-1976-41E9-9164-23B66CCB626D}
	EndGlobalSection
EndGlobal
